
Microsoft Visual Studio Solution File, Format Version 12.00
# Visual Studio Version 16
VisualStudioVersion = 16.0.31129.286
MinimumVisualStudioVersion = 10.0.40219.1
Project("{888888A0-9F3D-457C-B088-3A5042F75D52}") = "BetterBinanceSpotOrders", "BetterBinanceSpotOrders\BetterBinanceSpotOrders.pyproj", "{B6CCD923-8FFD-4969-905A-63A994FC3681}"
EndProject
Global
	GlobalSection(SolutionConfigurationPlatforms) = preSolution
		Debug|Any CPU = Debug|Any CPU
		Release|Any CPU = Release|Any CPU
	EndGlobalSection
	GlobalSection(ProjectConfigurationPlatforms) = postSolution
		{B6CCD923-8FFD-4969-905A-63A994FC3681}.Debug|Any CPU.ActiveCfg = Debug|Any CPU
		{B6CCD923-8FFD-4969-905A-63A994FC3681}.Release|Any CPU.ActiveCfg = Release|Any CPU
	EndGlobalSection
	GlobalSection(SolutionProperties) = preSolution
		HideSolutionNode = FALSE
	EndGlobalSection
	GlobalSection(ExtensibilityGlobals) = postSolution
		SolutionGuid = {F888DC54-1D54-459A-878D-56C65661278C}
	EndGlobalSection
EndGlobal
